
Microsoft Visual Studio Solution File, Format Version 12.00
# Visual Studio Version 16
VisualStudioVersion = 16.0.31829.152
MinimumVisualStudioVersion = 10.0.40219.1
Project("{8BC9CEB8-8B4A-11D0-8D11-00A0C91BC942}") = "Metod_haara", "Metod_haara\Metod_haara.vcxproj", "{27884B6A-03C0-4A56-B00B-C8DD25B92C49}"
EndProject
Project("{8BC9CEB8-8B4A-11D0-8D11-00A0C91BC942}") = "Z_v_dinam_massive", "..\Z_v_dinam_massive\Z_v_dinam_massive\Z_v_dinam_massive.vcxproj", "{7C287870-7A90-42BF-B2B4-979F50A44CCD}"
EndProject
Project("{8BC9CEB8-8B4A-11D0-8D11-00A0C91BC942}") = "Laba_6", "Laba_6\Laba_6.vcxproj", "{4410C3A2-68DE-491E-916D-9E7547DD0411}"
EndProject
Project("{8BC9CEB8-8B4A-11D0-8D11-00A0C91BC942}") = "Puzyirek", "..\Puzyirek\Puzyirek\Puzyirek.vcxproj", "{1FC33B27-654E-45DC-A47E-80DBB8098A8C}"
EndProject
Project("{8BC9CEB8-8B4A-11D0-8D11-00A0C91BC942}") = "Ferzi", "Ferzi\Ferzi.vcxproj", "{0F3A7D5A-A834-4819-B110-8C17DA9433A8}"
EndProject
Project("{8BC9CEB8-8B4A-11D0-8D11-00A0C91BC942}") = "Han_bashnya", "Han_bashnya\Han_bashnya.vcxproj", "{4DD7BD40-31F3-4646-B4A9-C6D708DCEE37}"
EndProject
Project("{8BC9CEB8-8B4A-11D0-8D11-00A0C91BC942}") = "Laba_8", "Project1\Project1.vcxproj", "{EBD836DF-A643-409E-A489-9AFC073E8579}"
EndProject
Project("{8BC9CEB8-8B4A-11D0-8D11-00A0C91BC942}") = "Laba_9", "Laba_9\Laba_9.vcxproj", "{777E7142-2C58-4F59-AC60-794347FC8273}"
EndProject
Project("{8BC9CEB8-8B4A-11D0-8D11-00A0C91BC942}") = "Laba_15", "Laba_15\Laba_15.vcxproj", "{E32D2841-F390-4A46-B7BA-682527FF31E9}"
EndProject
Project("{8BC9CEB8-8B4A-11D0-8D11-00A0C91BC942}") = "Laba_14", "Laba_11.1\Laba_11.1.vcxproj", "{26140891-B31C-4AA8-A5AB-F2A3391F5662}"
EndProject
Project("{8BC9CEB8-8B4A-11D0-8D11-00A0C91BC942}") = "Laba_16", "Laba_16\Laba_16.vcxproj", "{406D5DEB-4259-4D7A-91E4-939EB6E6990B}"
EndProject
Project("{8BC9CEB8-8B4A-11D0-8D11-00A0C91BC942}") = "Laba_17", "Laba_17\Laba_17.vcxproj", "{C3ECF121-11A5-4FF8-BA04-432789F67C1A}"
EndProject
Project("{8BC9CEB8-8B4A-11D0-8D11-00A0C91BC942}") = "Laba_11.1", "Project2\Project2.vcxproj", "{F960FEBA-30A4-4C11-B51F-D63FC0E5C524}"
EndProject
Project("{8BC9CEB8-8B4A-11D0-8D11-00A0C91BC942}") = "Laba_11.2", "Laba_11.2\Laba_11.2.vcxproj", "{4DD14783-0657-420F-BCF9-61A5BB47950D}"
EndProject
Global
	GlobalSection(SolutionConfigurationPlatforms) = preSolution
		Debug|Any CPU = Debug|Any CPU
		Debug|x64 = Debug|x64
		Debug|x86 = Debug|x86
		Release|Any CPU = Release|Any CPU
		Release|x64 = Release|x64
		Release|x86 = Release|x86
	EndGlobalSection
	GlobalSection(ProjectConfigurationPlatforms) = postSolution
		{27884B6A-03C0-4A56-B00B-C8DD25B92C49}.Debug|Any CPU.ActiveCfg = Debug|Win32
		{27884B6A-03C0-4A56-B00B-C8DD25B92C49}.Debug|x64.ActiveCfg = Debug|x64
		{27884B6A-03C0-4A56-B00B-C8DD25B92C49}.Debug|x64.Build.0 = Debug|x64
		{27884B6A-03C0-4A56-B00B-C8DD25B92C49}.Debug|x86.ActiveCfg = Debug|Win32
		{27884B6A-03C0-4A56-B00B-C8DD25B92C49}.Debug|x86.Build.0 = Debug|Win32
		{27884B6A-03C0-4A56-B00B-C8DD25B92C49}.Release|Any CPU.ActiveCfg = Release|Win32
		{27884B6A-03C0-4A56-B00B-C8DD25B92C49}.Release|x64.ActiveCfg = Release|x64
		{27884B6A-03C0-4A56-B00B-C8DD25B92C49}.Release|x64.Build.0 = Release|x64
		{27884B6A-03C0-4A56-B00B-C8DD25B92C49}.Release|x86.ActiveCfg = Release|Win32
		{27884B6A-03C0-4A56-B00B-C8DD25B92C49}.Release|x86.Build.0 = Release|Win32
		{7C287870-7A90-42BF-B2B4-979F50A44CCD}.Debug|Any CPU.ActiveCfg = Debug|Win32
		{7C287870-7A90-42BF-B2B4-979F50A44CCD}.Debug|x64.ActiveCfg = Debug|x64
		{7C287870-7A90-42BF-B2B4-979F50A44CCD}.Debug|x64.Build.0 = Debug|x64
		{7C287870-7A90-42BF-B2B4-979F50A44CCD}.Debug|x86.ActiveCfg = Debug|Win32
		{7C287870-7A90-42BF-B2B4-979F50A44CCD}.Debug|x86.Build.0 = Debug|Win32
		{7C287870-7A90-42BF-B2B4-979F50A44CCD}.Release|Any CPU.ActiveCfg = Release|Win32
		{7C287870-7A90-42BF-B2B4-979F50A44CCD}.Release|x64.ActiveCfg = Release|x64
		{7C287870-7A90-42BF-B2B4-979F50A44CCD}.Release|x64.Build.0 = Release|x64
		{7C287870-7A90-42BF-B2B4-979F50A44CCD}.Release|x86.ActiveCfg = Release|Win32
		{7C287870-7A90-42BF-B2B4-979F50A44CCD}.Release|x86.Build.0 = Release|Win32
		{4410C3A2-68DE-491E-916D-9E7547DD0411}.Debug|Any CPU.ActiveCfg = Debug|Win32
		{4410C3A2-68DE-491E-916D-9E7547DD0411}.Debug|x64.ActiveCfg = Debug|x64
		{4410C3A2-68DE-491E-916D-9E7547DD0411}.Debug|x64.Build.0 = Debug|x64
		{4410C3A2-68DE-491E-916D-9E7547DD0411}.Debug|x86.ActiveCfg = Debug|Win32
		{4410C3A2-68DE-491E-916D-9E7547DD0411}.Debug|x86.Build.0 = Debug|Win32
		{4410C3A2-68DE-491E-916D-9E7547DD0411}.Release|Any CPU.ActiveCfg = Release|Win32
		{4410C3A2-68DE-491E-916D-9E7547DD0411}.Release|x64.ActiveCfg = Release|x64
		{4410C3A2-68DE-491E-916D-9E7547DD0411}.Release|x64.Build.0 = Release|x64
		{4410C3A2-68DE-491E-916D-9E7547DD0411}.Release|x86.ActiveCfg = Release|Win32
		{4410C3A2-68DE-491E-916D-9E7547DD0411}.Release|x86.Build.0 = Release|Win32
		{1FC33B27-654E-45DC-A47E-80DBB8098A8C}.Debug|Any CPU.ActiveCfg = Debug|Win32
		{1FC33B27-654E-45DC-A47E-80DBB8098A8C}.Debug|x64.ActiveCfg = Debug|x64
		{1FC33B27-654E-45DC-A47E-80DBB8098A8C}.Debug|x64.Build.0 = Debug|x64
		{1FC33B27-654E-45DC-A47E-80DBB8098A8C}.Debug|x86.ActiveCfg = Debug|Win32
		{1FC33B27-654E-45DC-A47E-80DBB8098A8C}.Debug|x86.Build.0 = Debug|Win32
		{1FC33B27-654E-45DC-A47E-80DBB8098A8C}.Release|Any CPU.ActiveCfg = Release|Win32
		{1FC33B27-654E-45DC-A47E-80DBB8098A8C}.Release|x64.ActiveCfg = Release|x64
		{1FC33B27-654E-45DC-A47E-80DBB8098A8C}.Release|x64.Build.0 = Release|x64
		{1FC33B27-654E-45DC-A47E-80DBB8098A8C}.Release|x86.ActiveCfg = Release|Win32
		{1FC33B27-654E-45DC-A47E-80DBB8098A8C}.Release|x86.Build.0 = Release|Win32
		{0F3A7D5A-A834-4819-B110-8C17DA9433A8}.Debug|Any CPU.ActiveCfg = Debug|Win32
		{0F3A7D5A-A834-4819-B110-8C17DA9433A8}.Debug|x64.ActiveCfg = Debug|x64
		{0F3A7D5A-A834-4819-B110-8C17DA9433A8}.Debug|x64.Build.0 = Debug|x64
		{0F3A7D5A-A834-4819-B110-8C17DA9433A8}.Debug|x86.ActiveCfg = Debug|Win32
		{0F3A7D5A-A834-4819-B110-8C17DA9433A8}.Debug|x86.Build.0 = Debug|Win32
		{0F3A7D5A-A834-4819-B110-8C17DA9433A8}.Release|Any CPU.ActiveCfg = Release|Win32
		{0F3A7D5A-A834-4819-B110-8C17DA9433A8}.Release|x64.ActiveCfg = Release|x64
		{0F3A7D5A-A834-4819-B110-8C17DA9433A8}.Release|x64.Build.0 = Release|x64
		{0F3A7D5A-A834-4819-B110-8C17DA9433A8}.Release|x86.ActiveCfg = Release|Win32
		{0F3A7D5A-A834-4819-B110-8C17DA9433A8}.Release|x86.Build.0 = Release|Win32
		{4DD7BD40-31F3-4646-B4A9-C6D708DCEE37}.Debug|Any CPU.ActiveCfg = Debug|Win32
		{4DD7BD40-31F3-4646-B4A9-C6D708DCEE37}.Debug|x64.ActiveCfg = Debug|x64
		{4DD7BD40-31F3-4646-B4A9-C6D708DCEE37}.Debug|x64.Build.0 = Debug|x64
		{4DD7BD40-31F3-4646-B4A9-C6D708DCEE37}.Debug|x86.ActiveCfg = Debug|Win32
		{4DD7BD40-31F3-4646-B4A9-C6D708DCEE37}.Debug|x86.Build.0 = Debug|Win32
		{4DD7BD40-31F3-4646-B4A9-C6D708DCEE37}.Release|Any CPU.ActiveCfg = Release|Win32
		{4DD7BD40-31F3-4646-B4A9-C6D708DCEE37}.Release|x64.ActiveCfg = Release|x64
		{4DD7BD40-31F3-4646-B4A9-C6D708DCEE37}.Release|x64.Build.0 = Release|x64
		{4DD7BD40-31F3-4646-B4A9-C6D708DCEE37}.Release|x86.ActiveCfg = Release|Win32
		{4DD7BD40-31F3-4646-B4A9-C6D708DCEE37}.Release|x86.Build.0 = Release|Win32
		{EBD836DF-A643-409E-A489-9AFC073E8579}.Debug|Any CPU.ActiveCfg = Debug|Win32
		{EBD836DF-A643-409E-A489-9AFC073E8579}.Debug|x64.ActiveCfg = Debug|x64
		{EBD836DF-A643-409E-A489-9AFC073E8579}.Debug|x64.Build.0 = Debug|x64
		{EBD836DF-A643-409E-A489-9AFC073E8579}.Debug|x86.ActiveCfg = Debug|Win32
		{EBD836DF-A643-409E-A489-9AFC073E8579}.Debug|x86.Build.0 = Debug|Win32
		{EBD836DF-A643-409E-A489-9AFC073E8579}.Release|Any CPU.ActiveCfg = Release|Win32
		{EBD836DF-A643-409E-A489-9AFC073E8579}.Release|x64.ActiveCfg = Release|x64
		{EBD836DF-A643-409E-A489-9AFC073E8579}.Release|x64.Build.0 = Release|x64
		{EBD836DF-A643-409E-A489-9AFC073E8579}.Release|x86.ActiveCfg = Release|Win32
		{EBD836DF-A643-409E-A489-9AFC073E8579}.Release|x86.Build.0 = Release|Win32
		{777E7142-2C58-4F59-AC60-794347FC8273}.Debug|Any CPU.ActiveCfg = Debug|Win32
		{777E7142-2C58-4F59-AC60-794347FC8273}.Debug|x64.ActiveCfg = Debug|x64
		{777E7142-2C58-4F59-AC60-794347FC8273}.Debug|x64.Build.0 = Debug|x64
		{777E7142-2C58-4F59-AC60-794347FC8273}.Debug|x86.ActiveCfg = Debug|Win32
		{777E7142-2C58-4F59-AC60-794347FC8273}.Debug|x86.Build.0 = Debug|Win32
		{777E7142-2C58-4F59-AC60-794347FC8273}.Release|Any CPU.ActiveCfg = Release|Win32
		{777E7142-2C58-4F59-AC60-794347FC8273}.Release|x64.ActiveCfg = Release|x64
		{777E7142-2C58-4F59-AC60-794347FC8273}.Release|x64.Build.0 = Release|x64
		{777E7142-2C58-4F59-AC60-794347FC8273}.Release|x86.ActiveCfg = Release|Win32
		{777E7142-2C58-4F59-AC60-794347FC8273}.Release|x86.Build.0 = Release|Win32
		{E32D2841-F390-4A46-B7BA-682527FF31E9}.Debug|Any CPU.ActiveCfg = Debug|Win32
		{E32D2841-F390-4A46-B7BA-682527FF31E9}.Debug|x64.ActiveCfg = Debug|x64
		{E32D2841-F390-4A46-B7BA-682527FF31E9}.Debug|x64.Build.0 = Debug|x64
		{E32D2841-F390-4A46-B7BA-682527FF31E9}.Debug|x86.ActiveCfg = Debug|Win32
		{E32D2841-F390-4A46-B7BA-682527FF31E9}.Debug|x86.Build.0 = Debug|Win32
		{E32D2841-F390-4A46-B7BA-682527FF31E9}.Release|Any CPU.ActiveCfg = Release|Win32
		{E32D2841-F390-4A46-B7BA-682527FF31E9}.Release|x64.ActiveCfg = Release|x64
		{E32D2841-F390-4A46-B7BA-682527FF31E9}.Release|x64.Build.0 = Release|x64
		{E32D2841-F390-4A46-B7BA-682527FF31E9}.Release|x86.ActiveCfg = Release|Win32
		{E32D2841-F390-4A46-B7BA-682527FF31E9}.Release|x86.Build.0 = Release|Win32
		{26140891-B31C-4AA8-A5AB-F2A3391F5662}.Debug|Any CPU.ActiveCfg = Debug|Win32
		{26140891-B31C-4AA8-A5AB-F2A3391F5662}.Debug|x64.ActiveCfg = Debug|x64
		{26140891-B31C-4AA8-A5AB-F2A3391F5662}.Debug|x64.Build.0 = Debug|x64
		{26140891-B31C-4AA8-A5AB-F2A3391F5662}.Debug|x86.ActiveCfg = Debug|Win32
		{26140891-B31C-4AA8-A5AB-F2A3391F5662}.Debug|x86.Build.0 = Debug|Win32
		{26140891-B31C-4AA8-A5AB-F2A3391F5662}.Release|Any CPU.ActiveCfg = Release|Win32
		{26140891-B31C-4AA8-A5AB-F2A3391F5662}.Release|x64.ActiveCfg = Release|x64
		{26140891-B31C-4AA8-A5AB-F2A3391F5662}.Release|x64.Build.0 = Release|x64
		{26140891-B31C-4AA8-A5AB-F2A3391F5662}.Release|x86.ActiveCfg = Release|Win32
		{26140891-B31C-4AA8-A5AB-F2A3391F5662}.Release|x86.Build.0 = Release|Win32
		{406D5DEB-4259-4D7A-91E4-939EB6E6990B}.Debug|Any CPU.ActiveCfg = Debug|Win32
		{406D5DEB-4259-4D7A-91E4-939EB6E6990B}.Debug|x64.ActiveCfg = Debug|x64
		{406D5DEB-4259-4D7A-91E4-939EB6E6990B}.Debug|x64.Build.0 = Debug|x64
		{406D5DEB-4259-4D7A-91E4-939EB6E6990B}.Debug|x86.ActiveCfg = Debug|Win32
		{406D5DEB-4259-4D7A-91E4-939EB6E6990B}.Debug|x86.Build.0 = Debug|Win32
		{406D5DEB-4259-4D7A-91E4-939EB6E6990B}.Release|Any CPU.ActiveCfg = Release|Win32
		{406D5DEB-4259-4D7A-91E4-939EB6E6990B}.Release|x64.ActiveCfg = Release|x64
		{406D5DEB-4259-4D7A-91E4-939EB6E6990B}.Release|x64.Build.0 = Release|x64
		{406D5DEB-4259-4D7A-91E4-939EB6E6990B}.Release|x86.ActiveCfg = Release|Win32
		{406D5DEB-4259-4D7A-91E4-939EB6E6990B}.Release|x86.Build.0 = Release|Win32
		{C3ECF121-11A5-4FF8-BA04-432789F67C1A}.Debug|Any CPU.ActiveCfg = Debug|Win32
		{C3ECF121-11A5-4FF8-BA04-432789F67C1A}.Debug|x64.ActiveCfg = Debug|x64
		{C3ECF121-11A5-4FF8-BA04-432789F67C1A}.Debug|x64.Build.0 = Debug|x64
		{C3ECF121-11A5-4FF8-BA04-432789F67C1A}.Debug|x86.ActiveCfg = Debug|Win32
		{C3ECF121-11A5-4FF8-BA04-432789F67C1A}.Debug|x86.Build.0 = Debug|Win32
		{C3ECF121-11A5-4FF8-BA04-432789F67C1A}.Release|Any CPU.ActiveCfg = Release|Win32
		{C3ECF121-11A5-4FF8-BA04-432789F67C1A}.Release|x64.ActiveCfg = Release|x64
		{C3ECF121-11A5-4FF8-BA04-432789F67C1A}.Release|x64.Build.0 = Release|x64
		{C3ECF121-11A5-4FF8-BA04-432789F67C1A}.Release|x86.ActiveCfg = Release|Win32
		{C3ECF121-11A5-4FF8-BA04-432789F67C1A}.Release|x86.Build.0 = Release|Win32
		{F960FEBA-30A4-4C11-B51F-D63FC0E5C524}.Debug|Any CPU.ActiveCfg = Debug|Win32
		{F960FEBA-30A4-4C11-B51F-D63FC0E5C524}.Debug|x64.ActiveCfg = Debug|x64
		{F960FEBA-30A4-4C11-B51F-D63FC0E5C524}.Debug|x64.Build.0 = Debug|x64
		{F960FEBA-30A4-4C11-B51F-D63FC0E5C524}.Debug|x86.ActiveCfg = Debug|Win32
		{F960FEBA-30A4-4C11-B51F-D63FC0E5C524}.Debug|x86.Build.0 = Debug|Win32
		{F960FEBA-30A4-4C11-B51F-D63FC0E5C524}.Release|Any CPU.ActiveCfg = Release|Win32
		{F960FEBA-30A4-4C11-B51F-D63FC0E5C524}.Release|x64.ActiveCfg = Release|x64
		{F960FEBA-30A4-4C11-B51F-D63FC0E5C524}.Release|x64.Build.0 = Release|x64
		{F960FEBA-30A4-4C11-B51F-D63FC0E5C524}.Release|x86.ActiveCfg = Release|Win32
		{F960FEBA-30A4-4C11-B51F-D63FC0E5C524}.Release|x86.Build.0 = Release|Win32
		{4DD14783-0657-420F-BCF9-61A5BB47950D}.Debug|Any CPU.ActiveCfg = Debug|Win32
		{4DD14783-0657-420F-BCF9-61A5BB47950D}.Debug|x64.ActiveCfg = Debug|x64
		{4DD14783-0657-420F-BCF9-61A5BB47950D}.Debug|x64.Build.0 = Debug|x64
		{4DD14783-0657-420F-BCF9-61A5BB47950D}.Debug|x86.ActiveCfg = Debug|Win32
		{4DD14783-0657-420F-BCF9-61A5BB47950D}.Debug|x86.Build.0 = Debug|Win32
		{4DD14783-0657-420F-BCF9-61A5BB47950D}.Release|Any CPU.ActiveCfg = Release|Win32
		{4DD14783-0657-420F-BCF9-61A5BB47950D}.Release|x64.ActiveCfg = Release|x64
		{4DD14783-0657-420F-BCF9-61A5BB47950D}.Release|x64.Build.0 = Release|x64
		{4DD14783-0657-420F-BCF9-61A5BB47950D}.Release|x86.ActiveCfg = Release|Win32
		{4DD14783-0657-420F-BCF9-61A5BB47950D}.Release|x86.Build.0 = Release|Win32
	EndGlobalSection
	GlobalSection(SolutionProperties) = preSolution
		HideSolutionNode = FALSE
	EndGlobalSection
	GlobalSection(ExtensibilityGlobals) = postSolution
		SolutionGuid = {B21B1EC6-AB26-43CB-BB27-EDB1F51F98A5}
	EndGlobalSection
EndGlobal
